
Microsoft Visual Studio Solution File, Format Version 12.00
# Visual Studio Version 16
VisualStudioVersion = 16.0.30114.105
MinimumVisualStudioVersion = 10.0.40219.1
Project("{FAE04EC0-301F-11D3-BF4B-00C04F79EFBC}") = "FMSILibrary", "FMSILibrary\FMSILibrary.csproj", "{FAD5BB17-BCD5-40FC-BF30-F0F2AC20B84D}"
EndProject
Project("{FAE04EC0-301F-11D3-BF4B-00C04F79EFBC}") = "FMSIProjektni", "FMSIProjektni\FMSIProjektni.csproj", "{6ABEE99A-564C-4EE1-8929-6E7C8F78E1A7}"
EndProject
Project("{FAE04EC0-301F-11D3-BF4B-00C04F79EFBC}") = "CodeGenerator", "CodeGenerator\CodeGenerator.csproj", "{DB3013F8-D205-45A4-A5D2-9693710A2C36}"
EndProject
Global
	GlobalSection(SolutionConfigurationPlatforms) = preSolution
		Debug|Any CPU = Debug|Any CPU
		Release|Any CPU = Release|Any CPU
	EndGlobalSection
	GlobalSection(SolutionProperties) = preSolution
		HideSolutionNode = FALSE
	EndGlobalSection
	GlobalSection(ProjectConfigurationPlatforms) = postSolution
		{FAD5BB17-BCD5-40FC-BF30-F0F2AC20B84D}.Debug|Any CPU.ActiveCfg = Debug|Any CPU
		{FAD5BB17-BCD5-40FC-BF30-F0F2AC20B84D}.Debug|Any CPU.Build.0 = Debug|Any CPU
		{FAD5BB17-BCD5-40FC-BF30-F0F2AC20B84D}.Release|Any CPU.ActiveCfg = Release|Any CPU
		{FAD5BB17-BCD5-40FC-BF30-F0F2AC20B84D}.Release|Any CPU.Build.0 = Release|Any CPU
		{6ABEE99A-564C-4EE1-8929-6E7C8F78E1A7}.Debug|Any CPU.ActiveCfg = Debug|Any CPU
		{6ABEE99A-564C-4EE1-8929-6E7C8F78E1A7}.Debug|Any CPU.Build.0 = Debug|Any CPU
		{6ABEE99A-564C-4EE1-8929-6E7C8F78E1A7}.Release|Any CPU.ActiveCfg = Release|Any CPU
		{6ABEE99A-564C-4EE1-8929-6E7C8F78E1A7}.Release|Any CPU.Build.0 = Release|Any CPU
		{DB3013F8-D205-45A4-A5D2-9693710A2C36}.Debug|Any CPU.ActiveCfg = Debug|Any CPU
		{DB3013F8-D205-45A4-A5D2-9693710A2C36}.Debug|Any CPU.Build.0 = Debug|Any CPU
		{DB3013F8-D205-45A4-A5D2-9693710A2C36}.Release|Any CPU.ActiveCfg = Release|Any CPU
		{DB3013F8-D205-45A4-A5D2-9693710A2C36}.Release|Any CPU.Build.0 = Release|Any CPU
	EndGlobalSection
EndGlobal
